
Microsoft Visual Studio Solution File, Format Version 12.00
# Visual Studio Version 16
VisualStudioVersion = 16.0.30804.86
MinimumVisualStudioVersion = 10.0.40219.1
Project("{FAE04EC0-301F-11D3-BF4B-00C04F79EFBC}") = "MvcMovie", "MvcMovie\MvcMovie.csproj", "{712D5AFD-8609-4725-B690-8F3D355423A6}"
EndProject
Global
	GlobalSection(SolutionConfigurationPlatforms) = preSolution
		Debug|Any CPU = Debug|Any CPU
		Release|Any CPU = Release|Any CPU
	EndGlobalSection
	GlobalSection(ProjectConfigurationPlatforms) = postSolution
		{712D5AFD-8609-4725-B690-8F3D355423A6}.Debug|Any CPU.ActiveCfg = Debug|Any CPU
		{712D5AFD-8609-4725-B690-8F3D355423A6}.Debug|Any CPU.Build.0 = Debug|Any CPU
		{712D5AFD-8609-4725-B690-8F3D355423A6}.Release|Any CPU.ActiveCfg = Release|Any CPU
		{712D5AFD-8609-4725-B690-8F3D355423A6}.Release|Any CPU.Build.0 = Release|Any CPU
	EndGlobalSection
	GlobalSection(SolutionProperties) = preSolution
		HideSolutionNode = FALSE
	EndGlobalSection
	GlobalSection(ExtensibilityGlobals) = postSolution
		SolutionGuid = {920E9EDC-46AE-4AA4-9BB1-E5AA75D5BB6B}
	EndGlobalSection
EndGlobal
